
Microsoft Visual Studio Solution File, Format Version 12.00
# Visual Studio Version 17
VisualStudioVersion = 17.4.33213.308
MinimumVisualStudioVersion = 10.0.40219.1
Project("{9A19103F-16F7-4668-BE54-9A1E7A4F7556}") = "Captcha.Net.Sample", "Captcha.Net.Sample\Captcha.Net.Sample.csproj", "{8676D400-3F18-419F-A9F1-4ECF9FC76C33}"
EndProject
Project("{9A19103F-16F7-4668-BE54-9A1E7A4F7556}") = "Captcha.Net", "Captcha.Net\Captcha.Net.csproj", "{BB43C31D-B967-4FC1-B0D1-FFD56DDA528B}"
EndProject
Project("{9A19103F-16F7-4668-BE54-9A1E7A4F7556}") = "Captcha.Net.Test", "Captcha.Net.Test\Captcha.Net.Test.csproj", "{AD83839A-6745-4C8D-9EAE-532325FCECF2}"
EndProject
Project("{2150E333-8FDC-42A3-9474-1A3956D46DE8}") = "Solution", "Solution", "{8FC30BDC-497D-4B82-A1D1-07BE3D95A1F8}"
	ProjectSection(SolutionItems) = preProject
		..\.github\workflows\dotnet-ubuntu.yml = ..\.github\workflows\dotnet-ubuntu.yml
		..\.github\workflows\dotnet-windows.yml = ..\.github\workflows\dotnet-windows.yml
		..\LICENSE = ..\LICENSE
		..\README.md = ..\README.md
	EndProjectSection
EndProject
Global
	GlobalSection(SolutionConfigurationPlatforms) = preSolution
		Debug|Any CPU = Debug|Any CPU
		Release|Any CPU = Release|Any CPU
	EndGlobalSection
	GlobalSection(ProjectConfigurationPlatforms) = postSolution
		{8676D400-3F18-419F-A9F1-4ECF9FC76C33}.Debug|Any CPU.ActiveCfg = Debug|Any CPU
		{8676D400-3F18-419F-A9F1-4ECF9FC76C33}.Debug|Any CPU.Build.0 = Debug|Any CPU
		{8676D400-3F18-419F-A9F1-4ECF9FC76C33}.Release|Any CPU.ActiveCfg = Release|Any CPU
		{8676D400-3F18-419F-A9F1-4ECF9FC76C33}.Release|Any CPU.Build.0 = Release|Any CPU
		{BB43C31D-B967-4FC1-B0D1-FFD56DDA528B}.Debug|Any CPU.ActiveCfg = Debug|Any CPU
		{BB43C31D-B967-4FC1-B0D1-FFD56DDA528B}.Debug|Any CPU.Build.0 = Debug|Any CPU
		{BB43C31D-B967-4FC1-B0D1-FFD56DDA528B}.Release|Any CPU.ActiveCfg = Release|Any CPU
		{BB43C31D-B967-4FC1-B0D1-FFD56DDA528B}.Release|Any CPU.Build.0 = Release|Any CPU
		{AD83839A-6745-4C8D-9EAE-532325FCECF2}.Debug|Any CPU.ActiveCfg = Debug|Any CPU
		{AD83839A-6745-4C8D-9EAE-532325FCECF2}.Debug|Any CPU.Build.0 = Debug|Any CPU
		{AD83839A-6745-4C8D-9EAE-532325FCECF2}.Release|Any CPU.ActiveCfg = Release|Any CPU
		{AD83839A-6745-4C8D-9EAE-532325FCECF2}.Release|Any CPU.Build.0 = Release|Any CPU
	EndGlobalSection
	GlobalSection(SolutionProperties) = preSolution
		HideSolutionNode = FALSE
	EndGlobalSection
	GlobalSection(ExtensibilityGlobals) = postSolution
		SolutionGuid = {088ECFD8-C6FB-493A-B86E-4B663DB51DFE}
	EndGlobalSection
EndGlobal
